PATH
  remote: .
  specs:
    waterdrop (2.9.0)
      karafka-core (>= 2.4.9, < 3.0.0)
      karafka-rdkafka (>= 0.24.0)
      zeitwerk (~> 2.3)

GEM
  remote: https://rubygems.org/
  specs:
    byebug (13.0.0)
      reline (>= 0.6.0)
    connection_pool (3.0.2)
    docile (1.4.1)
    drb (2.2.3)
    ffi (1.17.4)
    io-console (0.8.2)
    json (2.19.3)
    karafka-core (2.5.12)
      karafka-rdkafka (>= 0.20.0)
      logger (>= 1.6.0)
    karafka-rdkafka (0.25.0)
      ffi (~> 1.17.1)
      json (> 2.0)
      logger
      mini_portile2 (~> 2.6)
      rake (> 12)
    logger (1.7.0)
    mini_portile2 (2.8.9)
    minitest (6.0.2)
      drb (~> 2.0)
      prism (~> 1.5)
    mocha (3.1.0)
      ruby2_keywords (>= 0.0.5)
    ostruct (0.6.3)
    prism (1.9.0)
    rake (13.3.1)
    reline (0.6.3)
      io-console (~> 0.5)
    ruby2_keywords (0.0.5)
    simplecov (0.22.0)
      docile (~> 1.1)
      simplecov-html (~> 0.11)
      simplecov_json_formatter (~> 0.1)
    simplecov-html (0.13.2)
    simplecov_json_formatter (0.1.4)
    warning (1.5.0)
    zeitwerk (2.7.5)

PLATFORMS
  ruby

DEPENDENCIES
  byebug
  connection_pool
  minitest
  mocha
  ostruct
  simplecov
  warning
  waterdrop!
  zeitwerk (~> 2.7.0)

CHECKSUMS
  byebug (13.0.0) sha256=d2263efe751941ca520fa29744b71972d39cbc41839496706f5d9b22e92ae05d
  connection_pool (3.0.2) sha256=33fff5ba71a12d2aa26cb72b1db8bba2a1a01823559fb01d29eb74c286e62e0a
  docile (1.4.1) sha256=96159be799bfa73cdb721b840e9802126e4e03dfc26863db73647204c727f21e
  drb (2.2.3) sha256=0b00d6fdb50995fe4a45dea13663493c841112e4068656854646f418fda13373
  ffi (1.17.4) sha256=bcd1642e06f0d16fc9e09ac6d49c3a7298b9789bcb58127302f934e437d60acf
  io-console (0.8.2) sha256=d6e3ae7a7cc7574f4b8893b4fca2162e57a825b223a177b7afa236c5ef9814cc
  json (2.19.3) sha256=289b0bb53052a1fa8c34ab33cc750b659ba14a5c45f3fcf4b18762dc67c78646
  karafka-core (2.5.12) sha256=57cbb45a187fbe3df9b9a57af59dda7211f9969524b2afbb83792a64705860e1
  karafka-rdkafka (0.25.0) sha256=67b316b942cf9ff7e9d7bbf9029e6f2d91eba97b4c9dc93b9f49fd207dfb80f8
  logger (1.7.0) sha256=196edec7cc44b66cfb40f9755ce11b392f21f7967696af15d274dde7edff0203
  mini_portile2 (2.8.9) sha256=0cd7c7f824e010c072e33f68bc02d85a00aeb6fce05bb4819c03dfd3c140c289
  minitest (6.0.2) sha256=db6e57956f6ecc6134683b4c87467d6dd792323c7f0eea7b93f66bd284adbc3d
  mocha (3.1.0) sha256=75f42d69ebfb1f10b32489dff8f8431d37a418120ecdfc07afe3bc183d4e1d56
  ostruct (0.6.3) sha256=95a2ed4a4bd1d190784e666b47b2d3f078e4a9efda2fccf18f84ddc6538ed912
  prism (1.9.0) sha256=7b530c6a9f92c24300014919c9dcbc055bf4cdf51ec30aed099b06cd6674ef85
  rake (13.3.1) sha256=8c9e89d09f66a26a01264e7e3480ec0607f0c497a861ef16063604b1b08eb19c
  reline (0.6.3) sha256=1198b04973565b36ec0f11542ab3f5cfeeec34823f4e54cebde90968092b1835
  ruby2_keywords (0.0.5) sha256=ffd13740c573b7301cf7a2e61fc857b2a8e3d3aff32545d6f8300d8bae10e3ef
  simplecov (0.22.0) sha256=fe2622c7834ff23b98066bb0a854284b2729a569ac659f82621fc22ef36213a5
  simplecov-html (0.13.2) sha256=bd0b8e54e7c2d7685927e8d6286466359b6f16b18cb0df47b508e8d73c777246
  simplecov_json_formatter (0.1.4) sha256=529418fbe8de1713ac2b2d612aa3daa56d316975d307244399fa4838c601b428
  warning (1.5.0) sha256=0f12c49fea0c06757778eefdcc7771e4fd99308901e3d55c504d87afdd718c53
  waterdrop (2.9.0)
  zeitwerk (2.7.5) sha256=d8da92128c09ea6ec62c949011b00ed4a20242b255293dd66bf41545398f73dd

BUNDLED WITH
  4.0.6
